<?xml version="1.0" encoding="utf-8"?>
<Project ToolsVersion="4.0" xmlns="http://schemas.microsoft.com/developer/msbuild/2003">
  <ItemGroup>
    <Filter Include="Core">
      <UniqueIdentifier>{20d6d0f3-bef0-44ac-bc92-9d9c3242b9d7}</UniqueIdentifier>
    </Filter>
    <Filter Include="Function">
      <UniqueIdentifier>{d213f271-3c67-45bc-9b40-c5ab3289b68d}</UniqueIdentifier>
    </Filter>
    <Filter Include="Platform">
      <UniqueIdentifier>{ee842faa-6260-4ec8-9ec4-d1ff33d34a1e}</UniqueIdentifier>
    </Filter>
    <Filter Include="Resource">
      <UniqueIdentifier>{5f5e9e16-9e83-4a8a-964a-15f67364ae42}</UniqueIdentifier>
    </Filter>
  </ItemGroup>
  <ItemGroup>
    <ClCompile Include="Engine\Source\Runtime\Main.cpp">
      <Filter>Core</Filter>
    </ClCompile>
  </ItemGroup>
</Project>