
Microsoft Visual Studio Solution File, Format Version 12.00
# Visual Studio Version 17
VisualStudioVersion = 17.6.33723.286
MinimumVisualStudioVersion = 10.0.40219.1
Project("{8BC9CEB8-8B4A-11D0-8D11-00A0C91BC942}") = "SnowyArkEditor", "Engine\Source\Editor\SnowyArkEditor.vcxproj", "{197DF763-18CE-4A74-BFDF-D8BB9E0D356B}"
	ProjectSection(ProjectDependencies) = postProject
		{4B5429E9-DF1A-4A8D-ABA6-ECBB278B445F} = {4B5429E9-DF1A-4A8D-ABA6-ECBB278B445F}
		{F579CDBC-8968-494C-9AD2-C69D3F9EA6DE} = {F579CDBC-8968-494C-9AD2-C69D3F9EA6DE}
	EndProjectSection
EndProject
Project("{8BC9CEB8-8B4A-11D0-8D11-00A0C91BC942}") = "SnowyArkRuntime", "Engine\Source\Runtime\SnowyArkRuntime.vcxproj", "{4B5429E9-DF1A-4A8D-ABA6-ECBB278B445F}"
	ProjectSection(ProjectDependencies) = postProject
		{A1409B3E-C704-4C3C-9E04-7CF6BD9AD5DF} = {A1409B3E-C704-4C3C-9E04-7CF6BD9AD5DF}
		{A1769B2B-4B5C-458D-83D7-9023C100D26F} = {A1769B2B-4B5C-458D-83D7-9023C100D26F}
		{BA9BE6CC-76AE-4FFF-8DEA-74B1F0464692} = {BA9BE6CC-76AE-4FFF-8DEA-74B1F0464692}
		{F579CDBC-8968-494C-9AD2-C69D3F9EA6DE} = {F579CDBC-8968-494C-9AD2-C69D3F9EA6DE}
	EndProjectSection
EndProject
Project("{8BC9CEB8-8B4A-11D0-8D11-00A0C91BC942}") = "SnowyCore", "Engine\ThirdParty\SnowyCore\SnowyCore.vcxproj", "{F579CDBC-8968-494C-9AD2-C69D3F9EA6DE}"
EndProject
Project("{2150E333-8FDC-42A3-9474-1A3956D46DE8}") = "ThirdParty", "ThirdParty", "{1E912905-832C-454E-8A66-5EBDD16682A2}"
EndProject
Project("{2150E333-8FDC-42A3-9474-1A3956D46DE8}") = "Egnine", "Egnine", "{25EE87DD-C78E-440F-BE6D-D6A29CB79E5F}"
EndProject
Project("{8BC9CEB8-8B4A-11D0-8D11-00A0C91BC942}") = "GLM", "Engine\ThirdParty\glm\GLM.vcxproj", "{A1409B3E-C704-4C3C-9E04-7CF6BD9AD5DF}"
EndProject
Project("{8BC9CEB8-8B4A-11D0-8D11-00A0C91BC942}") = "VulkanSDK", "Engine\ThirdParty\VulkanSDK\VulkanSDK.vcxproj", "{A1769B2B-4B5C-458D-83D7-9023C100D26F}"
EndProject
Project("{8BC9CEB8-8B4A-11D0-8D11-00A0C91BC942}") = "GLFW", "Engine\ThirdParty\GLFW\GLFW.vcxproj", "{BA9BE6CC-76AE-4FFF-8DEA-74B1F0464692}"
EndProject
Global
	GlobalSection(SolutionConfigurationPlatforms) = preSolution
		Debug|x64 = Debug|x64
		Release|x64 = Release|x64
	EndGlobalSection
	GlobalSection(ProjectConfigurationPlatforms) = postSolution
		{197DF763-18CE-4A74-BFDF-D8BB9E0D356B}.Debug|x64.ActiveCfg = Debug|x64
		{197DF763-18CE-4A74-BFDF-D8BB9E0D356B}.Debug|x64.Build.0 = Debug|x64
		{197DF763-18CE-4A74-BFDF-D8BB9E0D356B}.Release|x64.ActiveCfg = Release|x64
		{197DF763-18CE-4A74-BFDF-D8BB9E0D356B}.Release|x64.Build.0 = Release|x64
		{4B5429E9-DF1A-4A8D-ABA6-ECBB278B445F}.Debug|x64.ActiveCfg = Debug|x64
		{4B5429E9-DF1A-4A8D-ABA6-ECBB278B445F}.Debug|x64.Build.0 = Debug|x64
		{4B5429E9-DF1A-4A8D-ABA6-ECBB278B445F}.Release|x64.ActiveCfg = Release|x64
		{4B5429E9-DF1A-4A8D-ABA6-ECBB278B445F}.Release|x64.Build.0 = Release|x64
		{F579CDBC-8968-494C-9AD2-C69D3F9EA6DE}.Debug|x64.ActiveCfg = Debug|x64
		{F579CDBC-8968-494C-9AD2-C69D3F9EA6DE}.Debug|x64.Build.0 = Debug|x64
		{F579CDBC-8968-494C-9AD2-C69D3F9EA6DE}.Release|x64.ActiveCfg = Release|x64
		{F579CDBC-8968-494C-9AD2-C69D3F9EA6DE}.Release|x64.Build.0 = Release|x64
		{A1409B3E-C704-4C3C-9E04-7CF6BD9AD5DF}.Debug|x64.ActiveCfg = Debug|x64
		{A1409B3E-C704-4C3C-9E04-7CF6BD9AD5DF}.Debug|x64.Build.0 = Debug|x64
		{A1409B3E-C704-4C3C-9E04-7CF6BD9AD5DF}.Release|x64.ActiveCfg = Release|x64
		{A1409B3E-C704-4C3C-9E04-7CF6BD9AD5DF}.Release|x64.Build.0 = Release|x64
		{A1769B2B-4B5C-458D-83D7-9023C100D26F}.Debug|x64.ActiveCfg = Debug|x64
		{A1769B2B-4B5C-458D-83D7-9023C100D26F}.Debug|x64.Build.0 = Debug|x64
		{A1769B2B-4B5C-458D-83D7-9023C100D26F}.Release|x64.ActiveCfg = Release|x64
		{A1769B2B-4B5C-458D-83D7-9023C100D26F}.Release|x64.Build.0 = Release|x64
		{BA9BE6CC-76AE-4FFF-8DEA-74B1F0464692}.Debug|x64.ActiveCfg = Debug|x64
		{BA9BE6CC-76AE-4FFF-8DEA-74B1F0464692}.Debug|x64.Build.0 = Debug|x64
		{BA9BE6CC-76AE-4FFF-8DEA-74B1F0464692}.Release|x64.ActiveCfg = Release|x64
		{BA9BE6CC-76AE-4FFF-8DEA-74B1F0464692}.Release|x64.Build.0 = Release|x64
	EndGlobalSection
	GlobalSection(SolutionProperties) = preSolution
		HideSolutionNode = FALSE
	EndGlobalSection
	GlobalSection(NestedProjects) = preSolution
		{197DF763-18CE-4A74-BFDF-D8BB9E0D356B} = {25EE87DD-C78E-440F-BE6D-D6A29CB79E5F}
		{4B5429E9-DF1A-4A8D-ABA6-ECBB278B445F} = {25EE87DD-C78E-440F-BE6D-D6A29CB79E5F}
		{F579CDBC-8968-494C-9AD2-C69D3F9EA6DE} = {1E912905-832C-454E-8A66-5EBDD16682A2}
		{A1409B3E-C704-4C3C-9E04-7CF6BD9AD5DF} = {1E912905-832C-454E-8A66-5EBDD16682A2}
		{A1769B2B-4B5C-458D-83D7-9023C100D26F} = {1E912905-832C-454E-8A66-5EBDD16682A2}
		{BA9BE6CC-76AE-4FFF-8DEA-74B1F0464692} = {1E912905-832C-454E-8A66-5EBDD16682A2}
	EndGlobalSection
	GlobalSection(ExtensibilityGlobals) = postSolution
		SolutionGuid = {A1244166-12B7-4973-B3CA-68B90E543DFC}
	EndGlobalSection
EndGlobal
